{
    "requires": true,
    "lockfileVersion": 1,
    "dependencies": {
        "dropify": {
            "version": "0.2.2",
            "resolved": "https://registry.npmjs.org/dropify/-/dropify-0.2.2.tgz",
            "integrity": "sha1-VU69Hae23CA3hV+tc33YMSjz9VY=",
            "requires": {
                "jquery": "*"
            }
        },
        "jquery": {
            "version": "3.5.1",
            "resolved": "https://registry.npmjs.org/jquery/-/jquery-3.5.1.tgz",
            "integrity": "sha512-XwIBPqcMn57FxfT+Go5pzySnm4KWkT1Tv7gjrpT1srtf8Weynl6R273VJ5GjkRb51IzMp5nbaPjJXMWeju2MKg=="
        }
    }
}
